
Microsoft Visual Studio Solution File, Format Version 12.00
# Visual Studio 15
VisualStudioVersion = 15.0.26710.3002
MinimumVisualStudioVersion = 10.0.40219.1
Project("{FAE04EC0-301F-11D3-BF4B-00C04F79EFBC}") = "RuntimeStoreDemo", "RuntimeStoreDemo\RuntimeStoreDemo.csproj", "{5ECF0C5D-1FA2-4E29-ADB8-3B11A2A3D61B}"
EndProject
Project("{FAE04EC0-301F-11D3-BF4B-00C04F79EFBC}") = "RuntimeStoreDemo20", "RuntimeStoreDemo20\RuntimeStoreDemo20.csproj", "{3D4C0CB6-92A5-4BF8-879B-B8FAAB5FFAB1}"
EndProject
Global
	GlobalSection(SolutionConfigurationPlatforms) = preSolution
		Debug|Any CPU = Debug|Any CPU
		Release|Any CPU = Release|Any CPU
	EndGlobalSection
	GlobalSection(ProjectConfigurationPlatforms) = postSolution
		{5ECF0C5D-1FA2-4E29-ADB8-3B11A2A3D61B}.Debug|Any CPU.ActiveCfg = Debug|Any CPU
		{5ECF0C5D-1FA2-4E29-ADB8-3B11A2A3D61B}.Debug|Any CPU.Build.0 = Debug|Any CPU
		{5ECF0C5D-1FA2-4E29-ADB8-3B11A2A3D61B}.Release|Any CPU.ActiveCfg = Release|Any CPU
		{5ECF0C5D-1FA2-4E29-ADB8-3B11A2A3D61B}.Release|Any CPU.Build.0 = Release|Any CPU
		{3D4C0CB6-92A5-4BF8-879B-B8FAAB5FFAB1}.Debug|Any CPU.ActiveCfg = Debug|Any CPU
		{3D4C0CB6-92A5-4BF8-879B-B8FAAB5FFAB1}.Debug|Any CPU.Build.0 = Debug|Any CPU
		{3D4C0CB6-92A5-4BF8-879B-B8FAAB5FFAB1}.Release|Any CPU.ActiveCfg = Release|Any CPU
		{3D4C0CB6-92A5-4BF8-879B-B8FAAB5FFAB1}.Release|Any CPU.Build.0 = Release|Any CPU
	EndGlobalSection
	GlobalSection(SolutionProperties) = preSolution
		HideSolutionNode = FALSE
	EndGlobalSection
	GlobalSection(ExtensibilityGlobals) = postSolution
		SolutionGuid = {F7659CA6-1019-4507-B968-B8995F0B6031}
	EndGlobalSection
EndGlobal
